
Microsoft Visual Studio Solution File, Format Version 12.00
# Visual Studio Version 17
VisualStudioVersion = 17.11.35312.102
MinimumVisualStudioVersion = 10.0.40219.1
Project("{8BC9CEB8-8B4A-11D0-8D11-00A0C91BC942}") = "REPO_TEST_1", "REPO_TEST_1.vcxproj", "{382097D8-14CA-4046-AF10-3D6583637DA9}"
EndProject
Global
	GlobalSection(SolutionConfigurationPlatforms) = preSolution
		Debug|x64 = Debug|x64
		Debug|x86 = Debug|x86
		Release|x64 = Release|x64
		Release|x86 = Release|x86
	EndGlobalSection
	GlobalSection(ProjectConfigurationPlatforms) = postSolution
		{382097D8-14CA-4046-AF10-3D6583637DA9}.Debug|x64.ActiveCfg = Debug|x64
		{382097D8-14CA-4046-AF10-3D6583637DA9}.Debug|x64.Build.0 = Debug|x64
		{382097D8-14CA-4046-AF10-3D6583637DA9}.Debug|x86.ActiveCfg = Debug|Win32
		{382097D8-14CA-4046-AF10-3D6583637DA9}.Debug|x86.Build.0 = Debug|Win32
		{382097D8-14CA-4046-AF10-3D6583637DA9}.Release|x64.ActiveCfg = Release|x64
		{382097D8-14CA-4046-AF10-3D6583637DA9}.Release|x64.Build.0 = Release|x64
		{382097D8-14CA-4046-AF10-3D6583637DA9}.Release|x86.ActiveCfg = Release|Win32
		{382097D8-14CA-4046-AF10-3D6583637DA9}.Release|x86.Build.0 = Release|Win32
	EndGlobalSection
	GlobalSection(SolutionProperties) = preSolution
		HideSolutionNode = FALSE
	EndGlobalSection
	GlobalSection(ExtensibilityGlobals) = postSolution
		SolutionGuid = {6686D71B-71AB-4C5B-97EC-F6D7BE34AB04}
	EndGlobalSection
EndGlobal
